{
  "name": "attributes",
  "version": "1.0.0",
  "lockfileVersion": 1,
  "requires": true,
  "dependencies": {
    "blowson": {
      "version": "1.3.3",
      "resolved": "https://registry.npmjs.org/blowson/-/blowson-1.3.3.tgz",
      "integrity": "sha512-shn0VL7UftmTMQwA0G81DQGSJ6Q/AmZp2BKGNXwS9G0F56GYy8QpbtTiXKhhbzxPaMwuYFLAeO6/fOfiLWjeLw==",
      "requires": {
        "chance": "^1.0.16",
        "date-fns": "^1.29.0",
        "faker": "^4.1.0",
        "json-stringify-pretty-compact": "^1.2.0",
        "lodash": "^4.17.10",
        "marked": "^0.5.0",
        "md5": "^2.2.1",
        "numeral": "^2.0.6",
        "pluralize": "^7.0.0",
        "prob.js": "^1.0.6",
        "randexp": "^0.5.3",
        "slugify": "^1.3.1",
        "txtgen": "^2.2.2",
        "voca": "^1.4.0",
        "write": "^1.0.3"
      },
      "dependencies": {
        "faker": {
          "version": "4.1.0",
          "resolved": "https://registry.npmjs.org/faker/-/faker-4.1.0.tgz",
          "integrity": "sha1-HkW7vsxndLPBlfrSg1EJxtdIzD8="
        }
      }
    },
    "chance": {
      "version": "1.1.7",
      "resolved": "https://registry.npmjs.org/chance/-/chance-1.1.7.tgz",
      "integrity": "sha512-bua/2cZEfzS6qPm0vi3JEvGNbriDLcMj9lKxCQOjUcCJRcyjA7umP0zZm6bKWWlBN04vA0L99QGH/CZQawr0eg=="
    },
    "charenc": {
      "version": "0.0.2",
      "resolved": "https://registry.npmjs.org/charenc/-/charenc-0.0.2.tgz",
      "integrity": "sha1-wKHS86cJLgN3S/qD8UwPxXkKhmc="
    },
    "crypt": {
      "version": "0.0.2",
      "resolved": "https://registry.npmjs.org/crypt/-/crypt-0.0.2.tgz",
      "integrity": "sha1-iNf/fsDfuG9xPch7u0LQRNPmxBs="
    },
    "date-fns": {
      "version": "1.30.1",
      "resolved": "https://registry.npmjs.org/date-fns/-/date-fns-1.30.1.tgz",
      "integrity": "sha512-hBSVCvSmWC+QypYObzwGOd9wqdDpOt+0wl0KbU+R+uuZBS1jN8VsD1ss3irQDknRj5NvxiTF6oj/nDRnN/UQNw=="
    },
    "drange": {
      "version": "1.1.1",
      "resolved": "https://registry.npmjs.org/drange/-/drange-1.1.1.tgz",
      "integrity": "sha512-pYxfDYpued//QpnLIm4Avk7rsNtAtQkUES2cwAYSvD/wd2pKD71gN2Ebj3e7klzXwjocvE8c5vx/1fxwpqmSxA=="
    },
    "faker": {
      "version": "5.1.0",
      "resolved": "https://registry.npmjs.org/faker/-/faker-5.1.0.tgz",
      "integrity": "sha512-RrWKFSSA/aNLP0g3o2WW1Zez7/MnMr7xkiZmoCfAGZmdkDQZ6l2KtuXHN5XjdvpRjDl8+3vf+Rrtl06Z352+Mw=="
    },
    "is-buffer": {
      "version": "1.1.6",
      "resolved": "https://registry.npmjs.org/is-buffer/-/is-buffer-1.1.6.tgz",
      "integrity": "sha512-NcdALwpXkTm5Zvvbk7owOUSvVvBKDgKP5/ewfXEznmQFfs4ZRmanOeKBTjRVjka3QFoN6XJ+9F3USqfHqTaU5w=="
    },
    "json-stringify-pretty-compact": {
      "version": "1.2.0",
      "resolved": "https://registry.npmjs.org/json-stringify-pretty-compact/-/json-stringify-pretty-compact-1.2.0.tgz",
      "integrity": "sha512-/11Pj1OyX814QMKO7K8l85SHPTr/KsFxHp8GE2zVa0BtJgGimDjXHfM3FhC7keQdWDea7+nXf+f1de7ATZcZkQ=="
    },
    "lodash": {
      "version": "4.17.20",
      "resolved": "https://registry.npmjs.org/lodash/-/lodash-4.17.20.tgz",
      "integrity": "sha512-PlhdFcillOINfeV7Ni6oF1TAEayyZBoZ8bcshTHqOYJYlrqzRK5hagpagky5o4HfCzzd1TRkXPMFq6cKk9rGmA=="
    },
    "marked": {
      "version": "0.5.2",
      "resolved": "https://registry.npmjs.org/marked/-/marked-0.5.2.tgz",
      "integrity": "sha512-fdZvBa7/vSQIZCi4uuwo2N3q+7jJURpMVCcbaX0S1Mg65WZ5ilXvC67MviJAsdjqqgD+CEq4RKo5AYGgINkVAA=="
    },
    "md5": {
      "version": "2.3.0",
      "resolved": "https://registry.npmjs.org/md5/-/md5-2.3.0.tgz",
      "integrity": "sha512-T1GITYmFaKuO91vxyoQMFETst+O71VUPEU3ze5GNzDm0OWdP8v1ziTaAEPUr/3kLsY3Sftgz242A1SetQiDL7g==",
      "requires": {
        "charenc": "0.0.2",
        "crypt": "0.0.2",
        "is-buffer": "~1.1.6"
      }
    },
    "minimist": {
      "version": "1.2.5",
      "resolved": "https://registry.npmjs.org/minimist/-/minimist-1.2.5.tgz",
      "integrity": "sha512-FM9nNUYrRBAELZQT3xeZQ7fmMOBg6nWNmJKTcgsJeaLstP/UODVpGsr5OhXhhXg6f+qtJ8uiZ+PUxkDWcgIXLw=="
    },
    "mkdirp": {
      "version": "0.5.5",
      "resolved": "https://registry.npmjs.org/mkdirp/-/mkdirp-0.5.5.tgz",
      "integrity": "sha512-NKmAlESf6jMGym1++R0Ra7wvhV+wFW63FaSOFPwRahvea0gMUcGUhVeAg/0BC0wiv9ih5NYPB1Wn1UEI1/L+xQ==",
      "requires": {
        "minimist": "^1.2.5"
      }
    },
    "numeral": {
      "version": "2.0.6",
      "resolved": "https://registry.npmjs.org/numeral/-/numeral-2.0.6.tgz",
      "integrity": "sha1-StCAk21EPCVhrtnyGX7//iX05QY="
    },
    "pluralize": {
      "version": "7.0.0",
      "resolved": "https://registry.npmjs.org/pluralize/-/pluralize-7.0.0.tgz",
      "integrity": "sha512-ARhBOdzS3e41FbkW/XWrTEtukqqLoK5+Z/4UeDaLuSW+39JPeFgs4gCGqsrJHVZX0fUrx//4OF0K1CUGwlIFow=="
    },
    "prob.js": {
      "version": "1.0.6",
      "resolved": "https://registry.npmjs.org/prob.js/-/prob.js-1.0.6.tgz",
      "integrity": "sha1-65xNlIb5QhQFCWeqv7X9ks7MD/8=",
      "requires": {
        "random-js": "1.0.x"
      }
    },
    "randexp": {
      "version": "0.5.3",
      "resolved": "https://registry.npmjs.org/randexp/-/randexp-0.5.3.tgz",
      "integrity": "sha512-U+5l2KrcMNOUPYvazA3h5ekF80FHTUG+87SEAmHZmolh1M+i/WyTCxVzmi+tidIa1tM4BSe8g2Y/D3loWDjj+w==",
      "requires": {
        "drange": "^1.0.2",
        "ret": "^0.2.0"
      }
    },
    "random-js": {
      "version": "1.0.8",
      "resolved": "https://registry.npmjs.org/random-js/-/random-js-1.0.8.tgz",
      "integrity": "sha1-lo/WiabyXWwKrHZig94vaIycGQo="
    },
    "ret": {
      "version": "0.2.2",
      "resolved": "https://registry.npmjs.org/ret/-/ret-0.2.2.tgz",
      "integrity": "sha512-M0b3YWQs7R3Z917WRQy1HHA7Ba7D8hvZg6UE5mLykJxQVE2ju0IXbGlaHPPlkY+WN7wFP+wUMXmBFA0aV6vYGQ=="
    },
    "slugify": {
      "version": "1.4.5",
      "resolved": "https://registry.npmjs.org/slugify/-/slugify-1.4.5.tgz",
      "integrity": "sha512-WpECLAgYaxHoEAJ8Q1Lo8HOs1ngn7LN7QjXgOLbmmfkcWvosyk4ZTXkTzKyhngK640USTZUlgoQJfED1kz5fnQ=="
    },
    "txtgen": {
      "version": "2.2.7",
      "resolved": "https://registry.npmjs.org/txtgen/-/txtgen-2.2.7.tgz",
      "integrity": "sha512-vV65QydO0k+xbi0lB8FIpdVhtZ5rrtA6cDmxWwwDM5NIMiuEJZfurHPkXG7Q9fMIwHMNGfoePvjgtkknB8L2kQ=="
    },
    "voca": {
      "version": "1.4.0",
      "resolved": "https://registry.npmjs.org/voca/-/voca-1.4.0.tgz",
      "integrity": "sha512-8Xz4H3vhYRGbFupLtl6dHwMx0ojUcjt0HYkqZ9oBCfipd/5mD7Md58m2/dq7uPuZU/0T3Gb1m66KS9jn+I+14Q=="
    },
    "write": {
      "version": "1.0.3",
      "resolved": "https://registry.npmjs.org/write/-/write-1.0.3.tgz",
      "integrity": "sha512-/lg70HAjtkUgWPVZhZcm+T4hkL8Zbtp1nFNOn3lRrxnlv50SRBv7cR7RqR+GMsd3hUXy9hWBo4CHTbFTcOYwig==",
      "requires": {
        "mkdirp": "^0.5.1"
      }
    }
  }
}
